
Microsoft Visual Studio Solution File, Format Version 12.00
# Visual Studio Version 17
VisualStudioVersion = 17.13.35825.156 d17.13
MinimumVisualStudioVersion = 10.0.40219.1
Project("{FAE04EC0-301F-11D3-BF4B-00C04F79EFBC}") = "FundooNotes", "FundooNotes.csproj", "{69060A6D-AFBA-4F55-824D-AD27836ECEEF}"
EndProject
Project("{FAE04EC0-301F-11D3-BF4B-00C04F79EFBC}") = "RepositoryLayer", "..\RepositoryLayer\RepositoryLayer.csproj", "{6E7A0718-4414-4F06-957A-20DBA8A86CF4}"
EndProject
Project("{FAE04EC0-301F-11D3-BF4B-00C04F79EFBC}") = "ManagerLayer", "..\ManagerLayer\ManagerLayer.csproj", "{B0D1B51B-99B3-4BDB-B0A5-61E43619453D}"
EndProject
Project("{FAE04EC0-301F-11D3-BF4B-00C04F79EFBC}") = "CommonLayer", "..\CommonLayer\CommonLayer.csproj", "{7D1D2181-BF10-49AC-8591-77DBF622A707}"
EndProject
Global
	GlobalSection(SolutionConfigurationPlatforms) = preSolution
		Debug|Any CPU = Debug|Any CPU
		Release|Any CPU = Release|Any CPU
	EndGlobalSection
	GlobalSection(ProjectConfigurationPlatforms) = postSolution
		{69060A6D-AFBA-4F55-824D-AD27836ECEEF}.Debug|Any CPU.ActiveCfg = Debug|Any CPU
		{69060A6D-AFBA-4F55-824D-AD27836ECEEF}.Debug|Any CPU.Build.0 = Debug|Any CPU
		{69060A6D-AFBA-4F55-824D-AD27836ECEEF}.Release|Any CPU.ActiveCfg = Release|Any CPU
		{69060A6D-AFBA-4F55-824D-AD27836ECEEF}.Release|Any CPU.Build.0 = Release|Any CPU
		{6E7A0718-4414-4F06-957A-20DBA8A86CF4}.Debug|Any CPU.ActiveCfg = Debug|Any CPU
		{6E7A0718-4414-4F06-957A-20DBA8A86CF4}.Debug|Any CPU.Build.0 = Debug|Any CPU
		{6E7A0718-4414-4F06-957A-20DBA8A86CF4}.Release|Any CPU.ActiveCfg = Release|Any CPU
		{6E7A0718-4414-4F06-957A-20DBA8A86CF4}.Release|Any CPU.Build.0 = Release|Any CPU
		{B0D1B51B-99B3-4BDB-B0A5-61E43619453D}.Debug|Any CPU.ActiveCfg = Debug|Any CPU
		{B0D1B51B-99B3-4BDB-B0A5-61E43619453D}.Debug|Any CPU.Build.0 = Debug|Any CPU
		{B0D1B51B-99B3-4BDB-B0A5-61E43619453D}.Release|Any CPU.ActiveCfg = Release|Any CPU
		{B0D1B51B-99B3-4BDB-B0A5-61E43619453D}.Release|Any CPU.Build.0 = Release|Any CPU
		{7D1D2181-BF10-49AC-8591-77DBF622A707}.Debug|Any CPU.ActiveCfg = Debug|Any CPU
		{7D1D2181-BF10-49AC-8591-77DBF622A707}.Debug|Any CPU.Build.0 = Debug|Any CPU
		{7D1D2181-BF10-49AC-8591-77DBF622A707}.Release|Any CPU.ActiveCfg = Release|Any CPU
		{7D1D2181-BF10-49AC-8591-77DBF622A707}.Release|Any CPU.Build.0 = Release|Any CPU
	EndGlobalSection
	GlobalSection(SolutionProperties) = preSolution
		HideSolutionNode = FALSE
	EndGlobalSection
	GlobalSection(ExtensibilityGlobals) = postSolution
		SolutionGuid = {9B644A61-1F60-4A87-A118-6FC50C171CB7}
	EndGlobalSection
EndGlobal
